
Microsoft Visual Studio Solution File, Format Version 12.00
# Visual Studio Version 17
VisualStudioVersion = 17.14.36414.22
MinimumVisualStudioVersion = 10.0.40219.1
Project("{2150E333-8FDC-42A3-9474-1A3956D46DE8}") = "Task0", "Task0", "{02EA681E-C7D8-13C7-8484-4AC65E1B71E8}"
EndProject
Project("{FAE04EC0-301F-11D3-BF4B-00C04F79EFBC}") = "Tyuiu.PautovaMO.Sprint3.Task0.V23", "Tyuiu.PautovaMO.Sprint3.Task0.V23\Tyuiu.PautovaMO.Sprint3.Task0.V23.csproj", "{55E8D754-7F60-49C4-97F7-8F8AA17FC339}"
EndProject
Project("{FAE04EC0-301F-11D3-BF4B-00C04F79EFBC}") = "Tyuiu.PautovaMO.Sprint3.Task0.V23.Lib", "Tyuiu.PautovaMO.Sprint3.Task0.V23.Lib\Tyuiu.PautovaMO.Sprint3.Task0.V23.Lib.csproj", "{6AC97C35-2135-4958-9495-1F3CBEEE5AF6}"
EndProject
Project("{FAE04EC0-301F-11D3-BF4B-00C04F79EFBC}") = "Tyuiu.PautovaMO.Sprint3.Task0.V23.Test", "Tyuiu.PautovaMO.Sprint3.Task0.V23.Test\Tyuiu.PautovaMO.Sprint3.Task0.V23.Test.csproj", "{446F4B2A-EE64-4F87-9EE7-D5814A517429}"
EndProject
Project("{2150E333-8FDC-42A3-9474-1A3956D46DE8}") = "Task1", "Task1", "{0AA61891-530F-4EF7-9354-A14DAD1FBB81}"
EndProject
Project("{FAE04EC0-301F-11D3-BF4B-00C04F79EFBC}") = "Tyuiu.PautovaMO.Sprint3.Task1.V20", "Tyuiu.PautovaMO.Sprint3.Task1.V20\Tyuiu.PautovaMO.Sprint3.Task1.V20.csproj", "{D870F5A7-B755-4411-BE73-60D68BE3A73D}"
EndProject
Project("{FAE04EC0-301F-11D3-BF4B-00C04F79EFBC}") = "Tyuiu.PautovaMO.Sprint3.Task1.V20.Lib", "Tyuiu.PautovaMO.Sprint3.Task1.V20.Lib\Tyuiu.PautovaMO.Sprint3.Task1.V20.Lib.csproj", "{AD33C455-0903-4D60-B136-516D6487D96C}"
EndProject
Project("{FAE04EC0-301F-11D3-BF4B-00C04F79EFBC}") = "Tyuiu.PautovaMO.Sprint3.Task1.V20.Test", "Tyuiu.PautovaMO.Sprint3.Task1.V20.Test\Tyuiu.PautovaMO.Sprint3.Task1.V20.Test.csproj", "{1112FA32-F886-4FA9-A48B-A1005C1188F3}"
EndProject
Project("{2150E333-8FDC-42A3-9474-1A3956D46DE8}") = "Task2", "Task2", "{73C4A178-6251-4AFC-AB0F-2F2C5595E01A}"
EndProject
Project("{FAE04EC0-301F-11D3-BF4B-00C04F79EFBC}") = "Tyuiu.PautovaMO.Sprint3.Task2.V6", "Tyuiu.PautovaMO.Sprint3.Task2.V6\Tyuiu.PautovaMO.Sprint3.Task2.V6.csproj", "{0914C385-211D-4164-96AD-923C447223BA}"
EndProject
Project("{FAE04EC0-301F-11D3-BF4B-00C04F79EFBC}") = "Tyuiu.PautovaMO.Sprint3.Task2.V6.Lib", "Tyuiu.PautovaMO.Sprint3.Task2.V6.Lib\Tyuiu.PautovaMO.Sprint3.Task2.V6.Lib.csproj", "{115F6FED-28E2-4E0B-9ABD-32F9F81994C2}"
EndProject
Project("{FAE04EC0-301F-11D3-BF4B-00C04F79EFBC}") = "Tyuiu.PautovaMO.Sprint3.Task2.V6.Test", "Tyuiu.PautovaMO.Sprint3.Task2.V6.Test\Tyuiu.PautovaMO.Sprint3.Task2.V6.Test.csproj", "{3A24DF58-8CA4-4FB7-AE34-318D713F0E1E}"
EndProject
Project("{2150E333-8FDC-42A3-9474-1A3956D46DE8}") = "Task3", "Task3", "{59B520BE-8651-41C5-B71A-787CD5B225D1}"
EndProject
Project("{FAE04EC0-301F-11D3-BF4B-00C04F79EFBC}") = "Tyuiu.PautovaMO.Sprint3.Task3.V9", "Tyuiu.PautovaMO.Sprint3.Task3.V9\Tyuiu.PautovaMO.Sprint3.Task3.V9.csproj", "{A94210F4-70EB-41FB-8A29-5AD61557A0BF}"
EndProject
Project("{FAE04EC0-301F-11D3-BF4B-00C04F79EFBC}") = "Tyuiu.PautovaMO.Sprint3.Task3.V9.Lib", "Tyuiu.PautovaMO.Sprint3.Task3.V9.Lib\Tyuiu.PautovaMO.Sprint3.Task3.V9.Lib.csproj", "{6C0B6F2B-D2F3-401D-A71C-58968F6D239C}"
EndProject
Project("{FAE04EC0-301F-11D3-BF4B-00C04F79EFBC}") = "Tyuiu.PautovaMO.Sprint3.Task3.V9.Test", "Tyuiu.PautovaMO.Sprint3.Task3.V9.Test\Tyuiu.PautovaMO.Sprint3.Task3.V9.Test.csproj", "{7D8FEA9E-B7C6-4E2B-9643-637DDAD3FA61}"
EndProject
Project("{2150E333-8FDC-42A3-9474-1A3956D46DE8}") = "Task4", "Task4", "{41914F17-4745-4EEF-86CF-4BDCD889EA46}"
EndProject
Project("{FAE04EC0-301F-11D3-BF4B-00C04F79EFBC}") = "Tyuiu.PautovaMO.Sprint3.Task4.V2", "Tyuiu.PautovaMO.Sprint3.Task4.V2\Tyuiu.PautovaMO.Sprint3.Task4.V2.csproj", "{8A3561D3-C0EB-4042-8EC7-F9FE63EDB8E0}"
EndProject
Project("{FAE04EC0-301F-11D3-BF4B-00C04F79EFBC}") = "Tyuiu.PautovaMO.Sprint3.Task4.V2.Lib", "Tyuiu.PautovaMO.Sprint3.Task4.V2.Lib\Tyuiu.PautovaMO.Sprint3.Task4.V2.Lib.csproj", "{32A2BEDB-C121-497D-AD34-F131053B42FF}"
EndProject
Project("{FAE04EC0-301F-11D3-BF4B-00C04F79EFBC}") = "Tyuiu.PautovaMO.Sprint3.Task4.V2.Test", "Tyuiu.PautovaMO.Sprint3.Task4.V2.Test\Tyuiu.PautovaMO.Sprint3.Task4.V2.Test.csproj", "{F176116D-3204-4D2F-BA87-2DAF49AD3924}"
EndProject
Project("{2150E333-8FDC-42A3-9474-1A3956D46DE8}") = "Task5", "Task5", "{4D5E5FC0-4FBC-40D3-907B-9728B790CFB2}"
EndProject
Project("{FAE04EC0-301F-11D3-BF4B-00C04F79EFBC}") = "Tyuiu.PautovaMO.Sprint3.Task5.V3", "Tyuiu.PautovaMO.Sprint3.Task5.V3\Tyuiu.PautovaMO.Sprint3.Task5.V3.csproj", "{E5CD3773-26C6-4F39-BEBD-AA1F15A51D9B}"
EndProject
Project("{FAE04EC0-301F-11D3-BF4B-00C04F79EFBC}") = "Tyuiu.PautovaMO.Sprint3.Task5.V3.Lib", "Tyuiu.PautovaMO.Sprint3.Task5.V3.Lib\Tyuiu.PautovaMO.Sprint3.Task5.V3.Lib.csproj", "{AB56E015-5464-4E4D-A3DE-E499C6DC01A5}"
EndProject
Project("{FAE04EC0-301F-11D3-BF4B-00C04F79EFBC}") = "Tyuiu.PautovaMO.Sprint3.Task5.V3.Test", "Tyuiu.PautovaMO.Sprint3.Task5.V3.Test\Tyuiu.PautovaMO.Sprint3.Task5.V3.Test.csproj", "{E2F2C5A8-11B4-4A30-8DEF-3A8A3B8A675F}"
EndProject
Global
	GlobalSection(SolutionConfigurationPlatforms) = preSolution
		Debug|Any CPU = Debug|Any CPU
		Release|Any CPU = Release|Any CPU
	EndGlobalSection
	GlobalSection(ProjectConfigurationPlatforms) = postSolution
		{55E8D754-7F60-49C4-97F7-8F8AA17FC339}.Debug|Any CPU.ActiveCfg = Debug|Any CPU
		{55E8D754-7F60-49C4-97F7-8F8AA17FC339}.Debug|Any CPU.Build.0 = Debug|Any CPU
		{55E8D754-7F60-49C4-97F7-8F8AA17FC339}.Release|Any CPU.ActiveCfg = Release|Any CPU
		{55E8D754-7F60-49C4-97F7-8F8AA17FC339}.Release|Any CPU.Build.0 = Release|Any CPU
		{6AC97C35-2135-4958-9495-1F3CBEEE5AF6}.Debug|Any CPU.ActiveCfg = Debug|Any CPU
		{6AC97C35-2135-4958-9495-1F3CBEEE5AF6}.Debug|Any CPU.Build.0 = Debug|Any CPU
		{6AC97C35-2135-4958-9495-1F3CBEEE5AF6}.Release|Any CPU.ActiveCfg = Release|Any CPU
		{6AC97C35-2135-4958-9495-1F3CBEEE5AF6}.Release|Any CPU.Build.0 = Release|Any CPU
		{446F4B2A-EE64-4F87-9EE7-D5814A517429}.Debug|Any CPU.ActiveCfg = Debug|Any CPU
		{446F4B2A-EE64-4F87-9EE7-D5814A517429}.Debug|Any CPU.Build.0 = Debug|Any CPU
		{446F4B2A-EE64-4F87-9EE7-D5814A517429}.Release|Any CPU.ActiveCfg = Release|Any CPU
		{446F4B2A-EE64-4F87-9EE7-D5814A517429}.Release|Any CPU.Build.0 = Release|Any CPU
		{D870F5A7-B755-4411-BE73-60D68BE3A73D}.Debug|Any CPU.ActiveCfg = Debug|Any CPU
		{D870F5A7-B755-4411-BE73-60D68BE3A73D}.Debug|Any CPU.Build.0 = Debug|Any CPU
		{D870F5A7-B755-4411-BE73-60D68BE3A73D}.Release|Any CPU.ActiveCfg = Release|Any CPU
		{D870F5A7-B755-4411-BE73-60D68BE3A73D}.Release|Any CPU.Build.0 = Release|Any CPU
		{AD33C455-0903-4D60-B136-516D6487D96C}.Debug|Any CPU.ActiveCfg = Debug|Any CPU
		{AD33C455-0903-4D60-B136-516D6487D96C}.Debug|Any CPU.Build.0 = Debug|Any CPU
		{AD33C455-0903-4D60-B136-516D6487D96C}.Release|Any CPU.ActiveCfg = Release|Any CPU
		{AD33C455-0903-4D60-B136-516D6487D96C}.Release|Any CPU.Build.0 = Release|Any CPU
		{1112FA32-F886-4FA9-A48B-A1005C1188F3}.Debug|Any CPU.ActiveCfg = Debug|Any CPU
		{1112FA32-F886-4FA9-A48B-A1005C1188F3}.Debug|Any CPU.Build.0 = Debug|Any CPU
		{1112FA32-F886-4FA9-A48B-A1005C1188F3}.Release|Any CPU.ActiveCfg = Release|Any CPU
		{1112FA32-F886-4FA9-A48B-A1005C1188F3}.Release|Any CPU.Build.0 = Release|Any CPU
		{0914C385-211D-4164-96AD-923C447223BA}.Debug|Any CPU.ActiveCfg = Debug|Any CPU
		{0914C385-211D-4164-96AD-923C447223BA}.Debug|Any CPU.Build.0 = Debug|Any CPU
		{0914C385-211D-4164-96AD-923C447223BA}.Release|Any CPU.ActiveCfg = Release|Any CPU
		{0914C385-211D-4164-96AD-923C447223BA}.Release|Any CPU.Build.0 = Release|Any CPU
		{115F6FED-28E2-4E0B-9ABD-32F9F81994C2}.Debug|Any CPU.ActiveCfg = Debug|Any CPU
		{115F6FED-28E2-4E0B-9ABD-32F9F81994C2}.Debug|Any CPU.Build.0 = Debug|Any CPU
		{115F6FED-28E2-4E0B-9ABD-32F9F81994C2}.Release|Any CPU.ActiveCfg = Release|Any CPU
		{115F6FED-28E2-4E0B-9ABD-32F9F81994C2}.Release|Any CPU.Build.0 = Release|Any CPU
		{3A24DF58-8CA4-4FB7-AE34-318D713F0E1E}.Debug|Any CPU.ActiveCfg = Debug|Any CPU
		{3A24DF58-8CA4-4FB7-AE34-318D713F0E1E}.Debug|Any CPU.Build.0 = Debug|Any CPU
		{3A24DF58-8CA4-4FB7-AE34-318D713F0E1E}.Release|Any CPU.ActiveCfg = Release|Any CPU
		{3A24DF58-8CA4-4FB7-AE34-318D713F0E1E}.Release|Any CPU.Build.0 = Release|Any CPU
		{A94210F4-70EB-41FB-8A29-5AD61557A0BF}.Debug|Any CPU.ActiveCfg = Debug|Any CPU
		{A94210F4-70EB-41FB-8A29-5AD61557A0BF}.Debug|Any CPU.Build.0 = Debug|Any CPU
		{A94210F4-70EB-41FB-8A29-5AD61557A0BF}.Release|Any CPU.ActiveCfg = Release|Any CPU
		{A94210F4-70EB-41FB-8A29-5AD61557A0BF}.Release|Any CPU.Build.0 = Release|Any CPU
		{6C0B6F2B-D2F3-401D-A71C-58968F6D239C}.Debug|Any CPU.ActiveCfg = Debug|Any CPU
		{6C0B6F2B-D2F3-401D-A71C-58968F6D239C}.Debug|Any CPU.Build.0 = Debug|Any CPU
		{6C0B6F2B-D2F3-401D-A71C-58968F6D239C}.Release|Any CPU.ActiveCfg = Release|Any CPU
		{6C0B6F2B-D2F3-401D-A71C-58968F6D239C}.Release|Any CPU.Build.0 = Release|Any CPU
		{7D8FEA9E-B7C6-4E2B-9643-637DDAD3FA61}.Debug|Any CPU.ActiveCfg = Debug|Any CPU
		{7D8FEA9E-B7C6-4E2B-9643-637DDAD3FA61}.Debug|Any CPU.Build.0 = Debug|Any CPU
		{7D8FEA9E-B7C6-4E2B-9643-637DDAD3FA61}.Release|Any CPU.ActiveCfg = Release|Any CPU
		{7D8FEA9E-B7C6-4E2B-9643-637DDAD3FA61}.Release|Any CPU.Build.0 = Release|Any CPU
		{8A3561D3-C0EB-4042-8EC7-F9FE63EDB8E0}.Debug|Any CPU.ActiveCfg = Debug|Any CPU
		{8A3561D3-C0EB-4042-8EC7-F9FE63EDB8E0}.Debug|Any CPU.Build.0 = Debug|Any CPU
		{8A3561D3-C0EB-4042-8EC7-F9FE63EDB8E0}.Release|Any CPU.ActiveCfg = Release|Any CPU
		{8A3561D3-C0EB-4042-8EC7-F9FE63EDB8E0}.Release|Any CPU.Build.0 = Release|Any CPU
		{32A2BEDB-C121-497D-AD34-F131053B42FF}.Debug|Any CPU.ActiveCfg = Debug|Any CPU
		{32A2BEDB-C121-497D-AD34-F131053B42FF}.Debug|Any CPU.Build.0 = Debug|Any CPU
		{32A2BEDB-C121-497D-AD34-F131053B42FF}.Release|Any CPU.ActiveCfg = Release|Any CPU
		{32A2BEDB-C121-497D-AD34-F131053B42FF}.Release|Any CPU.Build.0 = Release|Any CPU
		{F176116D-3204-4D2F-BA87-2DAF49AD3924}.Debug|Any CPU.ActiveCfg = Debug|Any CPU
		{F176116D-3204-4D2F-BA87-2DAF49AD3924}.Debug|Any CPU.Build.0 = Debug|Any CPU
		{F176116D-3204-4D2F-BA87-2DAF49AD3924}.Release|Any CPU.ActiveCfg = Release|Any CPU
		{F176116D-3204-4D2F-BA87-2DAF49AD3924}.Release|Any CPU.Build.0 = Release|Any CPU
		{E5CD3773-26C6-4F39-BEBD-AA1F15A51D9B}.Debug|Any CPU.ActiveCfg = Debug|Any CPU
		{E5CD3773-26C6-4F39-BEBD-AA1F15A51D9B}.Debug|Any CPU.Build.0 = Debug|Any CPU
		{E5CD3773-26C6-4F39-BEBD-AA1F15A51D9B}.Release|Any CPU.ActiveCfg = Release|Any CPU
		{E5CD3773-26C6-4F39-BEBD-AA1F15A51D9B}.Release|Any CPU.Build.0 = Release|Any CPU
		{AB56E015-5464-4E4D-A3DE-E499C6DC01A5}.Debug|Any CPU.ActiveCfg = Debug|Any CPU
		{AB56E015-5464-4E4D-A3DE-E499C6DC01A5}.Debug|Any CPU.Build.0 = Debug|Any CPU
		{AB56E015-5464-4E4D-A3DE-E499C6DC01A5}.Release|Any CPU.ActiveCfg = Release|Any CPU
		{AB56E015-5464-4E4D-A3DE-E499C6DC01A5}.Release|Any CPU.Build.0 = Release|Any CPU
		{E2F2C5A8-11B4-4A30-8DEF-3A8A3B8A675F}.Debug|Any CPU.ActiveCfg = Debug|Any CPU
		{E2F2C5A8-11B4-4A30-8DEF-3A8A3B8A675F}.Debug|Any CPU.Build.0 = Debug|Any CPU
		{E2F2C5A8-11B4-4A30-8DEF-3A8A3B8A675F}.Release|Any CPU.ActiveCfg = Release|Any CPU
		{E2F2C5A8-11B4-4A30-8DEF-3A8A3B8A675F}.Release|Any CPU.Build.0 = Release|Any CPU
	EndGlobalSection
	GlobalSection(SolutionProperties) = preSolution
		HideSolutionNode = FALSE
	EndGlobalSection
	GlobalSection(NestedProjects) = preSolution
		{55E8D754-7F60-49C4-97F7-8F8AA17FC339} = {02EA681E-C7D8-13C7-8484-4AC65E1B71E8}
		{6AC97C35-2135-4958-9495-1F3CBEEE5AF6} = {02EA681E-C7D8-13C7-8484-4AC65E1B71E8}
		{446F4B2A-EE64-4F87-9EE7-D5814A517429} = {02EA681E-C7D8-13C7-8484-4AC65E1B71E8}
		{D870F5A7-B755-4411-BE73-60D68BE3A73D} = {0AA61891-530F-4EF7-9354-A14DAD1FBB81}
		{AD33C455-0903-4D60-B136-516D6487D96C} = {0AA61891-530F-4EF7-9354-A14DAD1FBB81}
		{1112FA32-F886-4FA9-A48B-A1005C1188F3} = {0AA61891-530F-4EF7-9354-A14DAD1FBB81}
		{0914C385-211D-4164-96AD-923C447223BA} = {73C4A178-6251-4AFC-AB0F-2F2C5595E01A}
		{115F6FED-28E2-4E0B-9ABD-32F9F81994C2} = {73C4A178-6251-4AFC-AB0F-2F2C5595E01A}
		{3A24DF58-8CA4-4FB7-AE34-318D713F0E1E} = {73C4A178-6251-4AFC-AB0F-2F2C5595E01A}
		{A94210F4-70EB-41FB-8A29-5AD61557A0BF} = {59B520BE-8651-41C5-B71A-787CD5B225D1}
		{6C0B6F2B-D2F3-401D-A71C-58968F6D239C} = {59B520BE-8651-41C5-B71A-787CD5B225D1}
		{7D8FEA9E-B7C6-4E2B-9643-637DDAD3FA61} = {59B520BE-8651-41C5-B71A-787CD5B225D1}
		{8A3561D3-C0EB-4042-8EC7-F9FE63EDB8E0} = {41914F17-4745-4EEF-86CF-4BDCD889EA46}
		{32A2BEDB-C121-497D-AD34-F131053B42FF} = {41914F17-4745-4EEF-86CF-4BDCD889EA46}
		{F176116D-3204-4D2F-BA87-2DAF49AD3924} = {41914F17-4745-4EEF-86CF-4BDCD889EA46}
		{E5CD3773-26C6-4F39-BEBD-AA1F15A51D9B} = {4D5E5FC0-4FBC-40D3-907B-9728B790CFB2}
		{AB56E015-5464-4E4D-A3DE-E499C6DC01A5} = {4D5E5FC0-4FBC-40D3-907B-9728B790CFB2}
		{E2F2C5A8-11B4-4A30-8DEF-3A8A3B8A675F} = {4D5E5FC0-4FBC-40D3-907B-9728B790CFB2}
	EndGlobalSection
	GlobalSection(ExtensibilityGlobals) = postSolution
		SolutionGuid = {FC5DE2B1-9AF1-4C9A-B49B-7096D8086A07}
	EndGlobalSection
EndGlobal
