
Microsoft Visual Studio Solution File, Format Version 12.00
# Visual Studio Version 17
VisualStudioVersion = 17.14.36414.22 d17.14
MinimumVisualStudioVersion = 10.0.40219.1
Project("{2150E333-8FDC-42A3-9474-1A3956D46DE8}") = "Task0", "Task0", "{02EA681E-C7D8-13C7-8484-4AC65E1B71E8}"
EndProject
Project("{FAE04EC0-301F-11D3-BF4B-00C04F79EFBC}") = "Tyuiu.PautovaMO.Sprint3.Task0.V23", "Tyuiu.PautovaMO.Sprint3.Task0.V23\Tyuiu.PautovaMO.Sprint3.Task0.V23.csproj", "{55E8D754-7F60-49C4-97F7-8F8AA17FC339}"
EndProject
Project("{FAE04EC0-301F-11D3-BF4B-00C04F79EFBC}") = "Tyuiu.PautovaMO.Sprint3.Task0.V23.Lib", "Tyuiu.PautovaMO.Sprint3.Task0.V23.Lib\Tyuiu.PautovaMO.Sprint3.Task0.V23.Lib.csproj", "{6AC97C35-2135-4958-9495-1F3CBEEE5AF6}"
EndProject
Project("{FAE04EC0-301F-11D3-BF4B-00C04F79EFBC}") = "Tyuiu.PautovaMO.Sprint3.Task0.V23.Test", "Tyuiu.PautovaMO.Sprint3.Task0.V23.Test\Tyuiu.PautovaMO.Sprint3.Task0.V23.Test.csproj", "{446F4B2A-EE64-4F87-9EE7-D5814A517429}"
EndProject
Project("{2150E333-8FDC-42A3-9474-1A3956D46DE8}") = "Task1", "Task1", "{0AA61891-530F-4EF7-9354-A14DAD1FBB81}"
EndProject
Project("{FAE04EC0-301F-11D3-BF4B-00C04F79EFBC}") = "Tyuiu.PautovaMO.Sprint3.Task1.V20", "Tyuiu.PautovaMO.Sprint3.Task1.V20\Tyuiu.PautovaMO.Sprint3.Task1.V20.csproj", "{D870F5A7-B755-4411-BE73-60D68BE3A73D}"
EndProject
Project("{FAE04EC0-301F-11D3-BF4B-00C04F79EFBC}") = "Tyuiu.PautovaMO.Sprint3.Task1.V20.Lib", "Tyuiu.PautovaMO.Sprint3.Task1.V20.Lib\Tyuiu.PautovaMO.Sprint3.Task1.V20.Lib.csproj", "{AD33C455-0903-4D60-B136-516D6487D96C}"
EndProject
Project("{FAE04EC0-301F-11D3-BF4B-00C04F79EFBC}") = "Tyuiu.PautovaMO.Sprint3.Task1.V20.Test", "Tyuiu.PautovaMO.Sprint3.Task1.V20.Test\Tyuiu.PautovaMO.Sprint3.Task1.V20.Test.csproj", "{1112FA32-F886-4FA9-A48B-A1005C1188F3}"
EndProject
Global
	GlobalSection(SolutionConfigurationPlatforms) = preSolution
		Debug|Any CPU = Debug|Any CPU
		Release|Any CPU = Release|Any CPU
	EndGlobalSection
	GlobalSection(ProjectConfigurationPlatforms) = postSolution
		{55E8D754-7F60-49C4-97F7-8F8AA17FC339}.Debug|Any CPU.ActiveCfg = Debug|Any CPU
		{55E8D754-7F60-49C4-97F7-8F8AA17FC339}.Debug|Any CPU.Build.0 = Debug|Any CPU
		{55E8D754-7F60-49C4-97F7-8F8AA17FC339}.Release|Any CPU.ActiveCfg = Release|Any CPU
		{55E8D754-7F60-49C4-97F7-8F8AA17FC339}.Release|Any CPU.Build.0 = Release|Any CPU
		{6AC97C35-2135-4958-9495-1F3CBEEE5AF6}.Debug|Any CPU.ActiveCfg = Debug|Any CPU
		{6AC97C35-2135-4958-9495-1F3CBEEE5AF6}.Debug|Any CPU.Build.0 = Debug|Any CPU
		{6AC97C35-2135-4958-9495-1F3CBEEE5AF6}.Release|Any CPU.ActiveCfg = Release|Any CPU
		{6AC97C35-2135-4958-9495-1F3CBEEE5AF6}.Release|Any CPU.Build.0 = Release|Any CPU
		{446F4B2A-EE64-4F87-9EE7-D5814A517429}.Debug|Any CPU.ActiveCfg = Debug|Any CPU
		{446F4B2A-EE64-4F87-9EE7-D5814A517429}.Debug|Any CPU.Build.0 = Debug|Any CPU
		{446F4B2A-EE64-4F87-9EE7-D5814A517429}.Release|Any CPU.ActiveCfg = Release|Any CPU
		{446F4B2A-EE64-4F87-9EE7-D5814A517429}.Release|Any CPU.Build.0 = Release|Any CPU
		{D870F5A7-B755-4411-BE73-60D68BE3A73D}.Debug|Any CPU.ActiveCfg = Debug|Any CPU
		{D870F5A7-B755-4411-BE73-60D68BE3A73D}.Debug|Any CPU.Build.0 = Debug|Any CPU
		{D870F5A7-B755-4411-BE73-60D68BE3A73D}.Release|Any CPU.ActiveCfg = Release|Any CPU
		{D870F5A7-B755-4411-BE73-60D68BE3A73D}.Release|Any CPU.Build.0 = Release|Any CPU
		{AD33C455-0903-4D60-B136-516D6487D96C}.Debug|Any CPU.ActiveCfg = Debug|Any CPU
		{AD33C455-0903-4D60-B136-516D6487D96C}.Debug|Any CPU.Build.0 = Debug|Any CPU
		{AD33C455-0903-4D60-B136-516D6487D96C}.Release|Any CPU.ActiveCfg = Release|Any CPU
		{AD33C455-0903-4D60-B136-516D6487D96C}.Release|Any CPU.Build.0 = Release|Any CPU
		{1112FA32-F886-4FA9-A48B-A1005C1188F3}.Debug|Any CPU.ActiveCfg = Debug|Any CPU
		{1112FA32-F886-4FA9-A48B-A1005C1188F3}.Debug|Any CPU.Build.0 = Debug|Any CPU
		{1112FA32-F886-4FA9-A48B-A1005C1188F3}.Release|Any CPU.ActiveCfg = Release|Any CPU
		{1112FA32-F886-4FA9-A48B-A1005C1188F3}.Release|Any CPU.Build.0 = Release|Any CPU
	EndGlobalSection
	GlobalSection(SolutionProperties) = preSolution
		HideSolutionNode = FALSE
	EndGlobalSection
	GlobalSection(NestedProjects) = preSolution
		{55E8D754-7F60-49C4-97F7-8F8AA17FC339} = {02EA681E-C7D8-13C7-8484-4AC65E1B71E8}
		{6AC97C35-2135-4958-9495-1F3CBEEE5AF6} = {02EA681E-C7D8-13C7-8484-4AC65E1B71E8}
		{446F4B2A-EE64-4F87-9EE7-D5814A517429} = {02EA681E-C7D8-13C7-8484-4AC65E1B71E8}
		{D870F5A7-B755-4411-BE73-60D68BE3A73D} = {0AA61891-530F-4EF7-9354-A14DAD1FBB81}
		{AD33C455-0903-4D60-B136-516D6487D96C} = {0AA61891-530F-4EF7-9354-A14DAD1FBB81}
		{1112FA32-F886-4FA9-A48B-A1005C1188F3} = {0AA61891-530F-4EF7-9354-A14DAD1FBB81}
	EndGlobalSection
	GlobalSection(ExtensibilityGlobals) = postSolution
		SolutionGuid = {FC5DE2B1-9AF1-4C9A-B49B-7096D8086A07}
	EndGlobalSection
EndGlobal
